
Microsoft Visual Studio Solution File, Format Version 12.00
# Visual Studio Version 17
VisualStudioVersion = 17.0.32112.339
MinimumVisualStudioVersion = 10.0.40219.1
Project("{FAE04EC0-301F-11D3-BF4B-00C04F79EFBC}") = "DataGridPoC", "src\DataGridPoC\DataGridPoC.csproj", "{07F60F79-EE3C-4F2C-938F-DF380FB5A653}"
EndProject
Global
	GlobalSection(SolutionConfigurationPlatforms) = preSolution
		Debug|Any CPU = Debug|Any CPU
		Release|Any CPU = Release|Any CPU
	EndGlobalSection
	GlobalSection(ProjectConfigurationPlatforms) = postSolution
		{07F60F79-EE3C-4F2C-938F-DF380FB5A653}.Debug|Any CPU.ActiveCfg = Debug|Any CPU
		{07F60F79-EE3C-4F2C-938F-DF380FB5A653}.Debug|Any CPU.Build.0 = Debug|Any CPU
		{07F60F79-EE3C-4F2C-938F-DF380FB5A653}.Release|Any CPU.ActiveCfg = Release|Any CPU
		{07F60F79-EE3C-4F2C-938F-DF380FB5A653}.Release|Any CPU.Build.0 = Release|Any CPU
	EndGlobalSection
	GlobalSection(SolutionProperties) = preSolution
		HideSolutionNode = FALSE
	EndGlobalSection
	GlobalSection(ExtensibilityGlobals) = postSolution
		SolutionGuid = {0C10B0D0-12F8-433C-B1C7-AA6058F96BED}
	EndGlobalSection
EndGlobal
